Microsoft Visual Studio Solution File, Format Version 12.00
# Visual Studio 15
VisualStudioVersion = 15.0.27004.2005
MinimumVisualStudioVersion = 10.0.40219.1
Project("{9A19103F-16F7-4668-BE54-9A1E7A4F7556}") = "Xamarin.Cognitive.Speech", "Xamarin.Cognitive.Speech\Xamarin.Cognitive.Speech.csproj", "{64BFADA8-284B-4EB6-BDC6-4AAD60D5E228}"
EndProject
Project("{2150E333-8FDC-42A3-9474-1A3956D46DE8}") = "Sample", "Sample", "{74A0515C-14B2-40C5-B0EB-89F775FA1608}"
EndProject
Project("{5DD5E4FA-CB73-4610-85AB-557B54E96AA9}") = "Xamarin.Cognitive.Speech.NuGet", "Xamarin.Cognitive.Speech.NuGet\Xamarin.Cognitive.Speech.NuGet.nuproj", "{4643711C-5C55-476E-A066-664A5A33D1A4}"
EndProject
Project("{9A19103F-16F7-4668-BE54-9A1E7A4F7556}") = "Xamarin.Cognitive.Speech.Sample", "Sample\Xamarin.Cognitive.Speech.Sample\Xamarin.Cognitive.Speech.Sample.csproj", "{65C2B7B3-A7CA-4581-9C08-D05F5DE61E13}"
EndProject
Project("{FAE04EC0-301F-11D3-BF4B-00C04F79EFBC}") = "Xamarin.Cognitive.Speech.Sample.Android", "Sample\Android\Xamarin.Cognitive.Speech.Sample.Android.csproj", "{9045C574-DC98-421F-B08D-8F473CC3DE03}"
EndProject
Project("{FAE04EC0-301F-11D3-BF4B-00C04F79EFBC}") = "Xamarin.Cognitive.Speech.Sample.iOS", "Sample\iOS\Xamarin.Cognitive.Speech.Sample.iOS.csproj", "{DFAF4B6B-E6A4-4D90-8228-1A206D6E6B91}"
EndProject
Project("{FAE04EC0-301F-11D3-BF4B-00C04F79EFBC}") = "Xamarin.Cognitive.Speech.Sample.UWP", "Sample\UWP\Xamarin.Cognitive.Speech.Sample.UWP.csproj", "{C3BA6D64-60E0-454F-BE6A-ECB610B686E5}"
EndProject
Global
	GlobalSection(SolutionConfigurationPlatforms) = preSolution
		Ad-Hoc|Any CPU = Ad-Hoc|Any CPU
		Ad-Hoc|ARM = Ad-Hoc|ARM
		Ad-Hoc|iPhone = Ad-Hoc|iPhone
		Ad-Hoc|iPhoneSimulator = Ad-Hoc|iPhoneSimulator
		Ad-Hoc|x64 = Ad-Hoc|x64
		Ad-Hoc|x86 = Ad-Hoc|x86
		AppStore|Any CPU = AppStore|Any CPU
		AppStore|ARM = AppStore|ARM
		AppStore|iPhone = AppStore|iPhone
		AppStore|iPhoneSimulator = AppStore|iPhoneSimulator
		AppStore|x64 = AppStore|x64
		AppStore|x86 = AppStore|x86
		Debug|Any CPU = Debug|Any CPU
		Debug|ARM = Debug|ARM
		Debug|iPhone = Debug|iPhone
		Debug|iPhoneSimulator = Debug|iPhoneSimulator
		Debug|x64 = Debug|x64
		Debug|x86 = Debug|x86
		Release|Any CPU = Release|Any CPU
		Release|ARM = Release|ARM
		Release|iPhone = Release|iPhone
		Release|iPhoneSimulator = Release|iPhoneSimulator
		Release|x64 = Release|x64
		Release|x86 = Release|x86
	EndGlobalSection
	GlobalSection(ProjectConfigurationPlatforms) = postSolution
		{64BFADA8-284B-4EB6-BDC6-4AAD60D5E228}.Ad-Hoc|Any CPU.ActiveCfg = Release|Any CPU
		{64BFADA8-284B-4EB6-BDC6-4AAD60D5E228}.Ad-Hoc|Any CPU.Build.0 = Release|Any CPU
		{64BFADA8-284B-4EB6-BDC6-4AAD60D5E228}.Ad-Hoc|ARM.ActiveCfg = Release|Any CPU
		{64BFADA8-284B-4EB6-BDC6-4AAD60D5E228}.Ad-Hoc|ARM.Build.0 = Release|Any CPU
		{64BFADA8-284B-4EB6-BDC6-4AAD60D5E228}.Ad-Hoc|iPhone.ActiveCfg = Release|Any CPU
		{64BFADA8-284B-4EB6-BDC6-4AAD60D5E228}.Ad-Hoc|iPhone.Build.0 = Release|Any CPU
		{64BFADA8-284B-4EB6-BDC6-4AAD60D5E228}.Ad-Hoc|iPhoneSimulator.ActiveCfg = Release|Any CPU
		{64BFADA8-284B-4EB6-BDC6-4AAD60D5E228}.Ad-Hoc|iPhoneSimulator.Build.0 = Release|Any CPU
		{64BFADA8-284B-4EB6-BDC6-4AAD60D5E228}.Ad-Hoc|x64.ActiveCfg = Release|Any CPU
		{64BFADA8-284B-4EB6-BDC6-4AAD60D5E228}.Ad-Hoc|x64.Build.0 = Release|Any CPU
		{64BFADA8-284B-4EB6-BDC6-4AAD60D5E228}.Ad-Hoc|x86.ActiveCfg = Release|Any CPU
		{64BFADA8-284B-4EB6-BDC6-4AAD60D5E228}.Ad-Hoc|x86.Build.0 = Release|Any CPU
		{64BFADA8-284B-4EB6-BDC6-4AAD60D5E228}.AppStore|Any CPU.ActiveCfg = Release|Any CPU
		{64BFADA8-284B-4EB6-BDC6-4AAD60D5E228}.AppStore|Any CPU.Build.0 = Release|Any CPU
		{64BFADA8-284B-4EB6-BDC6-4AAD60D5E228}.AppStore|ARM.ActiveCfg = Release|Any CPU
		{64BFADA8-284B-4EB6-BDC6-4AAD60D5E228}.AppStore|ARM.Build.0 = Release|Any CPU
		{64BFADA8-284B-4EB6-BDC6-4AAD60D5E228}.AppStore|iPhone.ActiveCfg = Release|Any CPU
		{64BFADA8-284B-4EB6-BDC6-4AAD60D5E228}.AppStore|iPhone.Build.0 = Release|Any CPU
		{64BFADA8-284B-4EB6-BDC6-4AAD60D5E228}.AppStore|iPhoneSimulator.ActiveCfg = Release|Any CPU
		{64BFADA8-284B-4EB6-BDC6-4AAD60D5E228}.AppStore|iPhoneSimulator.Build.0 = Release|Any CPU
		{64BFADA8-284B-4EB6-BDC6-4AAD60D5E228}.AppStore|x64.ActiveCfg = Release|Any CPU
		{64BFADA8-284B-4EB6-BDC6-4AAD60D5E228}.AppStore|x64.Build.0 = Release|Any CPU
		{64BFADA8-284B-4EB6-BDC6-4AAD60D5E228}.AppStore|x86.ActiveCfg = Release|Any CPU
		{64BFADA8-284B-4EB6-BDC6-4AAD60D5E228}.AppStore|x86.Build.0 = Release|Any CPU
		{64BFADA8-284B-4EB6-BDC6-4AAD60D5E228}.Debug|Any CPU.ActiveCfg = Debug|Any CPU
		{64BFADA8-284B-4EB6-BDC6-4AAD60D5E228}.Debug|Any CPU.Build.0 = Debug|Any CPU
		{64BFADA8-284B-4EB6-BDC6-4AAD60D5E228}.Debug|ARM.ActiveCfg = Debug|Any CPU
		{64BFADA8-284B-4EB6-BDC6-4AAD60D5E228}.Debug|ARM.Build.0 = Debug|Any CPU
		{64BFADA8-284B-4EB6-BDC6-4AAD60D5E228}.Debug|iPhone.ActiveCfg = Debug|Any CPU
		{64BFADA8-284B-4EB6-BDC6-4AAD60D5E228}.Debug|iPhone.Build.0 = Debug|Any CPU
		{64BFADA8-284B-4EB6-BDC6-4AAD60D5E228}.Debug|iPhoneSimulator.ActiveCfg = Debug|Any CPU
		{64BFADA8-284B-4EB6-BDC6-4AAD60D5E228}.Debug|iPhoneSimulator.Build.0 = Debug|Any CPU
		{64BFADA8-284B-4EB6-BDC6-4AAD60D5E228}.Debug|x64.ActiveCfg = Debug|Any CPU
		{64BFADA8-284B-4EB6-BDC6-4AAD60D5E228}.Debug|x64.Build.0 = Debug|Any CPU
		{64BFADA8-284B-4EB6-BDC6-4AAD60D5E228}.Debug|x86.ActiveCfg = Debug|Any CPU
		{64BFADA8-284B-4EB6-BDC6-4AAD60D5E228}.Debug|x86.Build.0 = Debug|Any CPU
		{64BFADA8-284B-4EB6-BDC6-4AAD60D5E228}.Release|Any CPU.ActiveCfg = Release|Any CPU
		{64BFADA8-284B-4EB6-BDC6-4AAD60D5E228}.Release|Any CPU.Build.0 = Release|Any CPU
		{64BFADA8-284B-4EB6-BDC6-4AAD60D5E228}.Release|ARM.ActiveCfg = Release|Any CPU
		{64BFADA8-284B-4EB6-BDC6-4AAD60D5E228}.Release|ARM.Build.0 = Release|Any CPU
		{64BFADA8-284B-4EB6-BDC6-4AAD60D5E228}.Release|iPhone.ActiveCfg = Release|Any CPU
		{64BFADA8-284B-4EB6-BDC6-4AAD60D5E228}.Release|iPhone.Build.0 = Release|Any CPU
		{64BFADA8-284B-4EB6-BDC6-4AAD60D5E228}.Release|iPhoneSimulator.ActiveCfg = Release|Any CPU
		{64BFADA8-284B-4EB6-BDC6-4AAD60D5E228}.Release|iPhoneSimulator.Build.0 = Release|Any CPU
		{64BFADA8-284B-4EB6-BDC6-4AAD60D5E228}.Release|x64.ActiveCfg = Release|Any CPU
		{64BFADA8-284B-4EB6-BDC6-4AAD60D5E228}.Release|x64.Build.0 = Release|Any CPU
		{64BFADA8-284B-4EB6-BDC6-4AAD60D5E228}.Release|x86.ActiveCfg = Release|Any CPU
		{64BFADA8-284B-4EB6-BDC6-4AAD60D5E228}.Release|x86.Build.0 = Release|Any CPU
		{4643711C-5C55-476E-A066-664A5A33D1A4}.Ad-Hoc|Any CPU.ActiveCfg = Release|Any CPU
		{4643711C-5C55-476E-A066-664A5A33D1A4}.Ad-Hoc|Any CPU.Build.0 = Release|Any CPU
		{4643711C-5C55-476E-A066-664A5A33D1A4}.Ad-Hoc|ARM.ActiveCfg = Release|Any CPU
		{4643711C-5C55-476E-A066-664A5A33D1A4}.Ad-Hoc|ARM.Build.0 = Release|Any CPU
		{4643711C-5C55-476E-A066-664A5A33D1A4}.Ad-Hoc|iPhone.ActiveCfg = Release|Any CPU
		{4643711C-5C55-476E-A066-664A5A33D1A4}.Ad-Hoc|iPhone.Build.0 = Release|Any CPU
		{4643711C-5C55-476E-A066-664A5A33D1A4}.Ad-Hoc|iPhoneSimulator.ActiveCfg = Release|Any CPU
		{4643711C-5C55-476E-A066-664A5A33D1A4}.Ad-Hoc|iPhoneSimulator.Build.0 = Release|Any CPU
		{4643711C-5C55-476E-A066-664A5A33D1A4}.Ad-Hoc|x64.ActiveCfg = Release|Any CPU
		{4643711C-5C55-476E-A066-664A5A33D1A4}.Ad-Hoc|x64.Build.0 = Release|Any CPU
		{4643711C-5C55-476E-A066-664A5A33D1A4}.Ad-Hoc|x86.ActiveCfg = Release|Any CPU
		{4643711C-5C55-476E-A066-664A5A33D1A4}.Ad-Hoc|x86.Build.0 = Release|Any CPU
		{4643711C-5C55-476E-A066-664A5A33D1A4}.AppStore|Any CPU.ActiveCfg = Release|Any CPU
		{4643711C-5C55-476E-A066-664A5A33D1A4}.AppStore|Any CPU.Build.0 = Release|Any CPU
		{4643711C-5C55-476E-A066-664A5A33D1A4}.AppStore|ARM.ActiveCfg = Release|Any CPU
		{4643711C-5C55-476E-A066-664A5A33D1A4}.AppStore|ARM.Build.0 = Release|Any CPU
		{4643711C-5C55-476E-A066-664A5A33D1A4}.AppStore|iPhone.ActiveCfg = Release|Any CPU
		{4643711C-5C55-476E-A066-664A5A33D1A4}.AppStore|iPhone.Build.0 = Release|Any CPU
		{4643711C-5C55-476E-A066-664A5A33D1A4}.AppStore|iPhoneSimulator.ActiveCfg = Release|Any CPU
		{4643711C-5C55-476E-A066-664A5A33D1A4}.AppStore|iPhoneSimulator.Build.0 = Release|Any CPU
		{4643711C-5C55-476E-A066-664A5A33D1A4}.AppStore|x64.ActiveCfg = Release|Any CPU
		{4643711C-5C55-476E-A066-664A5A33D1A4}.AppStore|x64.Build.0 = Release|Any CPU
		{4643711C-5C55-476E-A066-664A5A33D1A4}.AppStore|x86.ActiveCfg = Release|Any CPU
		{4643711C-5C55-476E-A066-664A5A33D1A4}.AppStore|x86.Build.0 = Release|Any CPU
		{4643711C-5C55-476E-A066-664A5A33D1A4}.Debug|Any CPU.ActiveCfg = Debug|Any CPU
		{4643711C-5C55-476E-A066-664A5A33D1A4}.Debug|Any CPU.Build.0 = Debug|Any CPU
		{4643711C-5C55-476E-A066-664A5A33D1A4}.Debug|ARM.ActiveCfg = Debug|Any CPU
		{4643711C-5C55-476E-A066-664A5A33D1A4}.Debug|ARM.Build.0 = Debug|Any CPU
		{4643711C-5C55-476E-A066-664A5A33D1A4}.Debug|iPhone.ActiveCfg = Debug|Any CPU
		{4643711C-5C55-476E-A066-664A5A33D1A4}.Debug|iPhone.Build.0 = Debug|Any CPU
		{4643711C-5C55-476E-A066-664A5A33D1A4}.Debug|iPhoneSimulator.ActiveCfg = Debug|Any CPU
		{4643711C-5C55-476E-A066-664A5A33D1A4}.Debug|iPhoneSimulator.Build.0 = Debug|Any CPU
		{4643711C-5C55-476E-A066-664A5A33D1A4}.Debug|x64.ActiveCfg = Debug|Any CPU
		{4643711C-5C55-476E-A066-664A5A33D1A4}.Debug|x64.Build.0 = Debug|Any CPU
		{4643711C-5C55-476E-A066-664A5A33D1A4}.Debug|x86.ActiveCfg = Debug|Any CPU
		{4643711C-5C55-476E-A066-664A5A33D1A4}.Debug|x86.Build.0 = Debug|Any CPU
		{4643711C-5C55-476E-A066-664A5A33D1A4}.Release|Any CPU.ActiveCfg = Release|Any CPU
		{4643711C-5C55-476E-A066-664A5A33D1A4}.Release|Any CPU.Build.0 = Release|Any CPU
		{4643711C-5C55-476E-A066-664A5A33D1A4}.Release|ARM.ActiveCfg = Release|Any CPU
		{4643711C-5C55-476E-A066-664A5A33D1A4}.Release|ARM.Build.0 = Release|Any CPU
		{4643711C-5C55-476E-A066-664A5A33D1A4}.Release|iPhone.ActiveCfg = Release|Any CPU
		{4643711C-5C55-476E-A066-664A5A33D1A4}.Release|iPhone.Build.0 = Release|Any CPU
		{4643711C-5C55-476E-A066-664A5A33D1A4}.Release|iPhoneSimulator.ActiveCfg = Release|Any CPU
		{4643711C-5C55-476E-A066-664A5A33D1A4}.Release|iPhoneSimulator.Build.0 = Release|Any CPU
		{4643711C-5C55-476E-A066-664A5A33D1A4}.Release|x64.ActiveCfg = Release|Any CPU
		{4643711C-5C55-476E-A066-664A5A33D1A4}.Release|x64.Build.0 = Release|Any CPU
		{4643711C-5C55-476E-A066-664A5A33D1A4}.Release|x86.ActiveCfg = Release|Any CPU
		{4643711C-5C55-476E-A066-664A5A33D1A4}.Release|x86.Build.0 = Release|Any CPU
		{65C2B7B3-A7CA-4581-9C08-D05F5DE61E13}.Ad-Hoc|Any CPU.ActiveCfg = Debug|Any CPU
		{65C2B7B3-A7CA-4581-9C08-D05F5DE61E13}.Ad-Hoc|Any CPU.Build.0 = Debug|Any CPU
		{65C2B7B3-A7CA-4581-9C08-D05F5DE61E13}.Ad-Hoc|ARM.ActiveCfg = Debug|Any CPU
		{65C2B7B3-A7CA-4581-9C08-D05F5DE61E13}.Ad-Hoc|ARM.Build.0 = Debug|Any CPU
		{65C2B7B3-A7CA-4581-9C08-D05F5DE61E13}.Ad-Hoc|iPhone.ActiveCfg = Debug|Any CPU
		{65C2B7B3-A7CA-4581-9C08-D05F5DE61E13}.Ad-Hoc|iPhone.Build.0 = Debug|Any CPU
		{65C2B7B3-A7CA-4581-9C08-D05F5DE61E13}.Ad-Hoc|iPhoneSimulator.ActiveCfg = Debug|Any CPU
		{65C2B7B3-A7CA-4581-9C08-D05F5DE61E13}.Ad-Hoc|iPhoneSimulator.Build.0 = Debug|Any CPU
		{65C2B7B3-A7CA-4581-9C08-D05F5DE61E13}.Ad-Hoc|x64.ActiveCfg = Debug|Any CPU
		{65C2B7B3-A7CA-4581-9C08-D05F5DE61E13}.Ad-Hoc|x64.Build.0 = Debug|Any CPU
		{65C2B7B3-A7CA-4581-9C08-D05F5DE61E13}.Ad-Hoc|x86.ActiveCfg = Debug|Any CPU
		{65C2B7B3-A7CA-4581-9C08-D05F5DE61E13}.Ad-Hoc|x86.Build.0 = Debug|Any CPU
		{65C2B7B3-A7CA-4581-9C08-D05F5DE61E13}.AppStore|Any CPU.ActiveCfg = Debug|Any CPU
		{65C2B7B3-A7CA-4581-9C08-D05F5DE61E13}.AppStore|Any CPU.Build.0 = Debug|Any CPU
		{65C2B7B3-A7CA-4581-9C08-D05F5DE61E13}.AppStore|ARM.ActiveCfg = Debug|Any CPU
		{65C2B7B3-A7CA-4581-9C08-D05F5DE61E13}.AppStore|ARM.Build.0 = Debug|Any CPU
		{65C2B7B3-A7CA-4581-9C08-D05F5DE61E13}.AppStore|iPhone.ActiveCfg = Debug|Any CPU
		{65C2B7B3-A7CA-4581-9C08-D05F5DE61E13}.AppStore|iPhone.Build.0 = Debug|Any CPU
		{65C2B7B3-A7CA-4581-9C08-D05F5DE61E13}.AppStore|iPhoneSimulator.ActiveCfg = Debug|Any CPU
		{65C2B7B3-A7CA-4581-9C08-D05F5DE61E13}.AppStore|iPhoneSimulator.Build.0 = Debug|Any CPU
		{65C2B7B3-A7CA-4581-9C08-D05F5DE61E13}.AppStore|x64.ActiveCfg = Debug|Any CPU
		{65C2B7B3-A7CA-4581-9C08-D05F5DE61E13}.AppStore|x64.Build.0 = Debug|Any CPU
		{65C2B7B3-A7CA-4581-9C08-D05F5DE61E13}.AppStore|x86.ActiveCfg = Debug|Any CPU
		{65C2B7B3-A7CA-4581-9C08-D05F5DE61E13}.AppStore|x86.Build.0 = Debug|Any CPU
		{65C2B7B3-A7CA-4581-9C08-D05F5DE61E13}.Debug|Any CPU.ActiveCfg = Debug|Any CPU
		{65C2B7B3-A7CA-4581-9C08-D05F5DE61E13}.Debug|Any CPU.Build.0 = Debug|Any CPU
		{65C2B7B3-A7CA-4581-9C08-D05F5DE61E13}.Debug|ARM.ActiveCfg = Debug|Any CPU
		{65C2B7B3-A7CA-4581-9C08-D05F5DE61E13}.Debug|ARM.Build.0 = Debug|Any CPU
		{65C2B7B3-A7CA-4581-9C08-D05F5DE61E13}.Debug|iPhone.ActiveCfg = Debug|Any CPU
		{65C2B7B3-A7CA-4581-9C08-D05F5DE61E13}.Debug|iPhone.Build.0 = Debug|Any CPU
		{65C2B7B3-A7CA-4581-9C08-D05F5DE61E13}.Debug|iPhoneSimulator.ActiveCfg = Debug|Any CPU
		{65C2B7B3-A7CA-4581-9C08-D05F5DE61E13}.Debug|iPhoneSimulator.Build.0 = Debug|Any CPU
		{65C2B7B3-A7CA-4581-9C08-D05F5DE61E13}.Debug|x64.ActiveCfg = Debug|Any CPU
		{65C2B7B3-A7CA-4581-9C08-D05F5DE61E13}.Debug|x64.Build.0 = Debug|Any CPU
		{65C2B7B3-A7CA-4581-9C08-D05F5DE61E13}.Debug|x86.ActiveCfg = Debug|Any CPU
		{65C2B7B3-A7CA-4581-9C08-D05F5DE61E13}.Debug|x86.Build.0 = Debug|Any CPU
		{65C2B7B3-A7CA-4581-9C08-D05F5DE61E13}.Release|Any CPU.ActiveCfg = Release|Any CPU
		{65C2B7B3-A7CA-4581-9C08-D05F5DE61E13}.Release|Any CPU.Build.0 = Release|Any CPU
		{65C2B7B3-A7CA-4581-9C08-D05F5DE61E13}.Release|ARM.ActiveCfg = Release|Any CPU
		{65C2B7B3-A7CA-4581-9C08-D05F5DE61E13}.Release|ARM.Build.0 = Release|Any CPU
		{65C2B7B3-A7CA-4581-9C08-D05F5DE61E13}.Release|iPhone.ActiveCfg = Release|Any CPU
		{65C2B7B3-A7CA-4581-9C08-D05F5DE61E13}.Release|iPhone.Build.0 = Release|Any CPU
		{65C2B7B3-A7CA-4581-9C08-D05F5DE61E13}.Release|iPhoneSimulator.ActiveCfg = Release|Any CPU
		{65C2B7B3-A7CA-4581-9C08-D05F5DE61E13}.Release|iPhoneSimulator.Build.0 = Release|Any CPU
		{65C2B7B3-A7CA-4581-9C08-D05F5DE61E13}.Release|x64.ActiveCfg = Release|Any CPU
		{65C2B7B3-A7CA-4581-9C08-D05F5DE61E13}.Release|x64.Build.0 = Release|Any CPU
		{65C2B7B3-A7CA-4581-9C08-D05F5DE61E13}.Release|x86.ActiveCfg = Release|Any CPU
		{65C2B7B3-A7CA-4581-9C08-D05F5DE61E13}.Release|x86.Build.0 = Release|Any CPU
		{9045C574-DC98-421F-B08D-8F473CC3DE03}.Ad-Hoc|Any CPU.ActiveCfg = Release|Any CPU
		{9045C574-DC98-421F-B08D-8F473CC3DE03}.Ad-Hoc|Any CPU.Build.0 = Release|Any CPU
		{9045C574-DC98-421F-B08D-8F473CC3DE03}.Ad-Hoc|Any CPU.Deploy.0 = Release|Any CPU
		{9045C574-DC98-421F-B08D-8F473CC3DE03}.Ad-Hoc|ARM.ActiveCfg = Release|Any CPU
		{9045C574-DC98-421F-B08D-8F473CC3DE03}.Ad-Hoc|ARM.Build.0 = Release|Any CPU
		{9045C574-DC98-421F-B08D-8F473CC3DE03}.Ad-Hoc|ARM.Deploy.0 = Release|Any CPU
		{9045C574-DC98-421F-B08D-8F473CC3DE03}.Ad-Hoc|iPhone.ActiveCfg = Release|Any CPU
		{9045C574-DC98-421F-B08D-8F473CC3DE03}.Ad-Hoc|iPhone.Build.0 = Release|Any CPU
		{9045C574-DC98-421F-B08D-8F473CC3DE03}.Ad-Hoc|iPhone.Deploy.0 = Release|Any CPU
		{9045C574-DC98-421F-B08D-8F473CC3DE03}.Ad-Hoc|iPhoneSimulator.ActiveCfg = Release|Any CPU
		{9045C574-DC98-421F-B08D-8F473CC3DE03}.Ad-Hoc|iPhoneSimulator.Build.0 = Release|Any CPU
		{9045C574-DC98-421F-B08D-8F473CC3DE03}.Ad-Hoc|iPhoneSimulator.Deploy.0 = Release|Any CPU
		{9045C574-DC98-421F-B08D-8F473CC3DE03}.Ad-Hoc|x64.ActiveCfg = Release|Any CPU
		{9045C574-DC98-421F-B08D-8F473CC3DE03}.Ad-Hoc|x64.Build.0 = Release|Any CPU
		{9045C574-DC98-421F-B08D-8F473CC3DE03}.Ad-Hoc|x64.Deploy.0 = Release|Any CPU
		{9045C574-DC98-421F-B08D-8F473CC3DE03}.Ad-Hoc|x86.ActiveCfg = Release|Any CPU
		{9045C574-DC98-421F-B08D-8F473CC3DE03}.Ad-Hoc|x86.Build.0 = Release|Any CPU
		{9045C574-DC98-421F-B08D-8F473CC3DE03}.Ad-Hoc|x86.Deploy.0 = Release|Any CPU
		{9045C574-DC98-421F-B08D-8F473CC3DE03}.AppStore|Any CPU.ActiveCfg = Release|Any CPU
		{9045C574-DC98-421F-B08D-8F473CC3DE03}.AppStore|Any CPU.Build.0 = Release|Any CPU
		{9045C574-DC98-421F-B08D-8F473CC3DE03}.AppStore|Any CPU.Deploy.0 = Release|Any CPU
		{9045C574-DC98-421F-B08D-8F473CC3DE03}.AppStore|ARM.ActiveCfg = Release|Any CPU
		{9045C574-DC98-421F-B08D-8F473CC3DE03}.AppStore|ARM.Build.0 = Release|Any CPU
		{9045C574-DC98-421F-B08D-8F473CC3DE03}.AppStore|ARM.Deploy.0 = Release|Any CPU
		{9045C574-DC98-421F-B08D-8F473CC3DE03}.AppStore|iPhone.ActiveCfg = Release|Any CPU
		{9045C574-DC98-421F-B08D-8F473CC3DE03}.AppStore|iPhone.Build.0 = Release|Any CPU
		{9045C574-DC98-421F-B08D-8F473CC3DE03}.AppStore|iPhone.Deploy.0 = Release|Any CPU
		{9045C574-DC98-421F-B08D-8F473CC3DE03}.AppStore|iPhoneSimulator.ActiveCfg = Release|Any CPU
		{9045C574-DC98-421F-B08D-8F473CC3DE03}.AppStore|iPhoneSimulator.Build.0 = Release|Any CPU
		{9045C574-DC98-421F-B08D-8F473CC3DE03}.AppStore|iPhoneSimulator.Deploy.0 = Release|Any CPU
		{9045C574-DC98-421F-B08D-8F473CC3DE03}.AppStore|x64.ActiveCfg = Release|Any CPU
		{9045C574-DC98-421F-B08D-8F473CC3DE03}.AppStore|x64.Build.0 = Release|Any CPU
		{9045C574-DC98-421F-B08D-8F473CC3DE03}.AppStore|x64.Deploy.0 = Release|Any CPU
		{9045C574-DC98-421F-B08D-8F473CC3DE03}.AppStore|x86.ActiveCfg = Release|Any CPU
		{9045C574-DC98-421F-B08D-8F473CC3DE03}.AppStore|x86.Build.0 = Release|Any CPU
		{9045C574-DC98-421F-B08D-8F473CC3DE03}.AppStore|x86.Deploy.0 = Release|Any CPU
		{9045C574-DC98-421F-B08D-8F473CC3DE03}.Debug|Any CPU.ActiveCfg = Debug|Any CPU
		{9045C574-DC98-421F-B08D-8F473CC3DE03}.Debug|Any CPU.Build.0 = Debug|Any CPU
		{9045C574-DC98-421F-B08D-8F473CC3DE03}.Debug|Any CPU.Deploy.0 = Debug|Any CPU
		{9045C574-DC98-421F-B08D-8F473CC3DE03}.Debug|ARM.ActiveCfg = Debug|Any CPU
		{9045C574-DC98-421F-B08D-8F473CC3DE03}.Debug|ARM.Build.0 = Debug|Any CPU
		{9045C574-DC98-421F-B08D-8F473CC3DE03}.Debug|ARM.Deploy.0 = Debug|Any CPU
		{9045C574-DC98-421F-B08D-8F473CC3DE03}.Debug|iPhone.ActiveCfg = Debug|Any CPU
		{9045C574-DC98-421F-B08D-8F473CC3DE03}.Debug|iPhone.Build.0 = Debug|Any CPU
		{9045C574-DC98-421F-B08D-8F473CC3DE03}.Debug|iPhone.Deploy.0 = Debug|Any CPU
		{9045C574-DC98-421F-B08D-8F473CC3DE03}.Debug|iPhoneSimulator.ActiveCfg = Debug|Any CPU
		{9045C574-DC98-421F-B08D-8F473CC3DE03}.Debug|iPhoneSimulator.Build.0 = Debug|Any CPU
		{9045C574-DC98-421F-B08D-8F473CC3DE03}.Debug|iPhoneSimulator.Deploy.0 = Debug|Any CPU
		{9045C574-DC98-421F-B08D-8F473CC3DE03}.Debug|x64.ActiveCfg = Debug|Any CPU
		{9045C574-DC98-421F-B08D-8F473CC3DE03}.Debug|x64.Build.0 = Debug|Any CPU
		{9045C574-DC98-421F-B08D-8F473CC3DE03}.Debug|x64.Deploy.0 = Debug|Any CPU
		{9045C574-DC98-421F-B08D-8F473CC3DE03}.Debug|x86.ActiveCfg = Debug|Any CPU
		{9045C574-DC98-421F-B08D-8F473CC3DE03}.Debug|x86.Build.0 = Debug|Any CPU
		{9045C574-DC98-421F-B08D-8F473CC3DE03}.Debug|x86.Deploy.0 = Debug|Any CPU
		{9045C574-DC98-421F-B08D-8F473CC3DE03}.Release|Any CPU.ActiveCfg = Release|Any CPU
		{9045C574-DC98-421F-B08D-8F473CC3DE03}.Release|Any CPU.Build.0 = Release|Any CPU
		{9045C574-DC98-421F-B08D-8F473CC3DE03}.Release|Any CPU.Deploy.0 = Release|Any CPU
		{9045C574-DC98-421F-B08D-8F473CC3DE03}.Release|ARM.ActiveCfg = Release|Any CPU
		{9045C574-DC98-421F-B08D-8F473CC3DE03}.Release|ARM.Build.0 = Release|Any CPU
		{9045C574-DC98-421F-B08D-8F473CC3DE03}.Release|ARM.Deploy.0 = Release|Any CPU
		{9045C574-DC98-421F-B08D-8F473CC3DE03}.Release|iPhone.ActiveCfg = Release|Any CPU
		{9045C574-DC98-421F-B08D-8F473CC3DE03}.Release|iPhone.Build.0 = Release|Any CPU
		{9045C574-DC98-421F-B08D-8F473CC3DE03}.Release|iPhone.Deploy.0 = Release|Any CPU
		{9045C574-DC98-421F-B08D-8F473CC3DE03}.Release|iPhoneSimulator.ActiveCfg = Release|Any CPU
		{9045C574-DC98-421F-B08D-8F473CC3DE03}.Release|iPhoneSimulator.Build.0 = Release|Any CPU
		{9045C574-DC98-421F-B08D-8F473CC3DE03}.Release|iPhoneSimulator.Deploy.0 = Release|Any CPU
		{9045C574-DC98-421F-B08D-8F473CC3DE03}.Release|x64.ActiveCfg = Release|Any CPU
		{9045C574-DC98-421F-B08D-8F473CC3DE03}.Release|x64.Build.0 = Release|Any CPU
		{9045C574-DC98-421F-B08D-8F473CC3DE03}.Release|x64.Deploy.0 = Release|Any CPU
		{9045C574-DC98-421F-B08D-8F473CC3DE03}.Release|x86.ActiveCfg = Release|Any CPU
		{9045C574-DC98-421F-B08D-8F473CC3DE03}.Release|x86.Build.0 = Release|Any CPU
		{9045C574-DC98-421F-B08D-8F473CC3DE03}.Release|x86.Deploy.0 = Release|Any CPU
		{DFAF4B6B-E6A4-4D90-8228-1A206D6E6B91}.Ad-Hoc|Any CPU.ActiveCfg = Ad-Hoc|iPhone
		{DFAF4B6B-E6A4-4D90-8228-1A206D6E6B91}.Ad-Hoc|ARM.ActiveCfg = Ad-Hoc|iPhone
		{DFAF4B6B-E6A4-4D90-8228-1A206D6E6B91}.Ad-Hoc|iPhone.ActiveCfg = Ad-Hoc|iPhone
		{DFAF4B6B-E6A4-4D90-8228-1A206D6E6B91}.Ad-Hoc|iPhone.Build.0 = Ad-Hoc|iPhone
		{DFAF4B6B-E6A4-4D90-8228-1A206D6E6B91}.Ad-Hoc|iPhoneSimulator.ActiveCfg = Ad-Hoc|iPhoneSimulator
		{DFAF4B6B-E6A4-4D90-8228-1A206D6E6B91}.Ad-Hoc|iPhoneSimulator.Build.0 = Ad-Hoc|iPhoneSimulator
		{DFAF4B6B-E6A4-4D90-8228-1A206D6E6B91}.Ad-Hoc|x64.ActiveCfg = Ad-Hoc|iPhone
		{DFAF4B6B-E6A4-4D90-8228-1A206D6E6B91}.Ad-Hoc|x86.ActiveCfg = Ad-Hoc|iPhone
		{DFAF4B6B-E6A4-4D90-8228-1A206D6E6B91}.AppStore|Any CPU.ActiveCfg = AppStore|iPhone
		{DFAF4B6B-E6A4-4D90-8228-1A206D6E6B91}.AppStore|ARM.ActiveCfg = AppStore|iPhone
		{DFAF4B6B-E6A4-4D90-8228-1A206D6E6B91}.AppStore|iPhone.ActiveCfg = AppStore|iPhone
		{DFAF4B6B-E6A4-4D90-8228-1A206D6E6B91}.AppStore|iPhone.Build.0 = AppStore|iPhone
		{DFAF4B6B-E6A4-4D90-8228-1A206D6E6B91}.AppStore|iPhoneSimulator.ActiveCfg = AppStore|iPhoneSimulator
		{DFAF4B6B-E6A4-4D90-8228-1A206D6E6B91}.AppStore|iPhoneSimulator.Build.0 = AppStore|iPhoneSimulator
		{DFAF4B6B-E6A4-4D90-8228-1A206D6E6B91}.AppStore|x64.ActiveCfg = AppStore|iPhone
		{DFAF4B6B-E6A4-4D90-8228-1A206D6E6B91}.AppStore|x86.ActiveCfg = AppStore|iPhone
		{DFAF4B6B-E6A4-4D90-8228-1A206D6E6B91}.Debug|Any CPU.ActiveCfg = Debug|iPhone
		{DFAF4B6B-E6A4-4D90-8228-1A206D6E6B91}.Debug|ARM.ActiveCfg = Debug|iPhone
		{DFAF4B6B-E6A4-4D90-8228-1A206D6E6B91}.Debug|iPhone.ActiveCfg = Debug|iPhone
		{DFAF4B6B-E6A4-4D90-8228-1A206D6E6B91}.Debug|iPhone.Build.0 = Debug|iPhone
		{DFAF4B6B-E6A4-4D90-8228-1A206D6E6B91}.Debug|iPhoneSimulator.ActiveCfg = Debug|iPhoneSimulator
		{DFAF4B6B-E6A4-4D90-8228-1A206D6E6B91}.Debug|iPhoneSimulator.Build.0 = Debug|iPhoneSimulator
		{DFAF4B6B-E6A4-4D90-8228-1A206D6E6B91}.Debug|x64.ActiveCfg = Debug|iPhone
		{DFAF4B6B-E6A4-4D90-8228-1A206D6E6B91}.Debug|x86.ActiveCfg = Debug|iPhone
		{DFAF4B6B-E6A4-4D90-8228-1A206D6E6B91}.Release|Any CPU.ActiveCfg = Release|iPhone
		{DFAF4B6B-E6A4-4D90-8228-1A206D6E6B91}.Release|ARM.ActiveCfg = Release|iPhone
		{DFAF4B6B-E6A4-4D90-8228-1A206D6E6B91}.Release|iPhone.ActiveCfg = Release|iPhone
		{DFAF4B6B-E6A4-4D90-8228-1A206D6E6B91}.Release|iPhone.Build.0 = Release|iPhone
		{DFAF4B6B-E6A4-4D90-8228-1A206D6E6B91}.Release|iPhoneSimulator.ActiveCfg = Release|iPhoneSimulator
		{DFAF4B6B-E6A4-4D90-8228-1A206D6E6B91}.Release|iPhoneSimulator.Build.0 = Release|iPhoneSimulator
		{DFAF4B6B-E6A4-4D90-8228-1A206D6E6B91}.Release|x64.ActiveCfg = Release|iPhone
		{DFAF4B6B-E6A4-4D90-8228-1A206D6E6B91}.Release|x86.ActiveCfg = Release|iPhone
		{C3BA6D64-60E0-454F-BE6A-ECB610B686E5}.Ad-Hoc|Any CPU.ActiveCfg = Release|x86
		{C3BA6D64-60E0-454F-BE6A-ECB610B686E5}.Ad-Hoc|Any CPU.Build.0 = Release|x86
		{C3BA6D64-60E0-454F-BE6A-ECB610B686E5}.Ad-Hoc|Any CPU.Deploy.0 = Release|x86
		{C3BA6D64-60E0-454F-BE6A-ECB610B686E5}.Ad-Hoc|ARM.ActiveCfg = Release|ARM
		{C3BA6D64-60E0-454F-BE6A-ECB610B686E5}.Ad-Hoc|ARM.Build.0 = Release|ARM
		{C3BA6D64-60E0-454F-BE6A-ECB610B686E5}.Ad-Hoc|ARM.Deploy.0 = Release|ARM
		{C3BA6D64-60E0-454F-BE6A-ECB610B686E5}.Ad-Hoc|iPhone.ActiveCfg = Release|x86
		{C3BA6D64-60E0-454F-BE6A-ECB610B686E5}.Ad-Hoc|iPhone.Build.0 = Release|x86
		{C3BA6D64-60E0-454F-BE6A-ECB610B686E5}.Ad-Hoc|iPhone.Deploy.0 = Release|x86
		{C3BA6D64-60E0-454F-BE6A-ECB610B686E5}.Ad-Hoc|iPhoneSimulator.ActiveCfg = Release|x86
		{C3BA6D64-60E0-454F-BE6A-ECB610B686E5}.Ad-Hoc|iPhoneSimulator.Build.0 = Release|x86
		{C3BA6D64-60E0-454F-BE6A-ECB610B686E5}.Ad-Hoc|iPhoneSimulator.Deploy.0 = Release|x86
		{C3BA6D64-60E0-454F-BE6A-ECB610B686E5}.Ad-Hoc|x64.ActiveCfg = Release|x64
		{C3BA6D64-60E0-454F-BE6A-ECB610B686E5}.Ad-Hoc|x64.Build.0 = Release|x64
		{C3BA6D64-60E0-454F-BE6A-ECB610B686E5}.Ad-Hoc|x64.Deploy.0 = Release|x64
		{C3BA6D64-60E0-454F-BE6A-ECB610B686E5}.Ad-Hoc|x86.ActiveCfg = Release|x86
		{C3BA6D64-60E0-454F-BE6A-ECB610B686E5}.Ad-Hoc|x86.Build.0 = Release|x86
		{C3BA6D64-60E0-454F-BE6A-ECB610B686E5}.Ad-Hoc|x86.Deploy.0 = Release|x86
		{C3BA6D64-60E0-454F-BE6A-ECB610B686E5}.AppStore|Any CPU.ActiveCfg = Release|x86
		{C3BA6D64-60E0-454F-BE6A-ECB610B686E5}.AppStore|Any CPU.Build.0 = Release|x86
		{C3BA6D64-60E0-454F-BE6A-ECB610B686E5}.AppStore|Any CPU.Deploy.0 = Release|x86
		{C3BA6D64-60E0-454F-BE6A-ECB610B686E5}.AppStore|ARM.ActiveCfg = Release|ARM
		{C3BA6D64-60E0-454F-BE6A-ECB610B686E5}.AppStore|ARM.Build.0 = Release|ARM
		{C3BA6D64-60E0-454F-BE6A-ECB610B686E5}.AppStore|ARM.Deploy.0 = Release|ARM
		{C3BA6D64-60E0-454F-BE6A-ECB610B686E5}.AppStore|iPhone.ActiveCfg = Release|x86
		{C3BA6D64-60E0-454F-BE6A-ECB610B686E5}.AppStore|iPhone.Build.0 = Release|x86
		{C3BA6D64-60E0-454F-BE6A-ECB610B686E5}.AppStore|iPhone.Deploy.0 = Release|x86
		{C3BA6D64-60E0-454F-BE6A-ECB610B686E5}.AppStore|iPhoneSimulator.ActiveCfg = Release|x86
		{C3BA6D64-60E0-454F-BE6A-ECB610B686E5}.AppStore|iPhoneSimulator.Build.0 = Release|x86
		{C3BA6D64-60E0-454F-BE6A-ECB610B686E5}.AppStore|iPhoneSimulator.Deploy.0 = Release|x86
		{C3BA6D64-60E0-454F-BE6A-ECB610B686E5}.AppStore|x64.ActiveCfg = Release|x64
		{C3BA6D64-60E0-454F-BE6A-ECB610B686E5}.AppStore|x64.Build.0 = Release|x64
		{C3BA6D64-60E0-454F-BE6A-ECB610B686E5}.AppStore|x64.Deploy.0 = Release|x64
		{C3BA6D64-60E0-454F-BE6A-ECB610B686E5}.AppStore|x86.ActiveCfg = Release|x86
		{C3BA6D64-60E0-454F-BE6A-ECB610B686E5}.AppStore|x86.Build.0 = Release|x86
		{C3BA6D64-60E0-454F-BE6A-ECB610B686E5}.AppStore|x86.Deploy.0 = Release|x86
		{C3BA6D64-60E0-454F-BE6A-ECB610B686E5}.Debug|Any CPU.ActiveCfg = Debug|x86
		{C3BA6D64-60E0-454F-BE6A-ECB610B686E5}.Debug|ARM.ActiveCfg = Debug|ARM
		{C3BA6D64-60E0-454F-BE6A-ECB610B686E5}.Debug|ARM.Build.0 = Debug|ARM
		{C3BA6D64-60E0-454F-BE6A-ECB610B686E5}.Debug|ARM.Deploy.0 = Debug|ARM
		{C3BA6D64-60E0-454F-BE6A-ECB610B686E5}.Debug|iPhone.ActiveCfg = Debug|x86
		{C3BA6D64-60E0-454F-BE6A-ECB610B686E5}.Debug|iPhoneSimulator.ActiveCfg = Debug|x86
		{C3BA6D64-60E0-454F-BE6A-ECB610B686E5}.Debug|x64.ActiveCfg = Debug|x64
		{C3BA6D64-60E0-454F-BE6A-ECB610B686E5}.Debug|x64.Build.0 = Debug|x64
		{C3BA6D64-60E0-454F-BE6A-ECB610B686E5}.Debug|x64.Deploy.0 = Debug|x64
		{C3BA6D64-60E0-454F-BE6A-ECB610B686E5}.Debug|x86.ActiveCfg = Debug|x86
		{C3BA6D64-60E0-454F-BE6A-ECB610B686E5}.Debug|x86.Build.0 = Debug|x86
		{C3BA6D64-60E0-454F-BE6A-ECB610B686E5}.Debug|x86.Deploy.0 = Debug|x86
		{C3BA6D64-60E0-454F-BE6A-ECB610B686E5}.Release|Any CPU.ActiveCfg = Release|x86
		{C3BA6D64-60E0-454F-BE6A-ECB610B686E5}.Release|ARM.ActiveCfg = Release|ARM
		{C3BA6D64-60E0-454F-BE6A-ECB610B686E5}.Release|ARM.Build.0 = Release|ARM
		{C3BA6D64-60E0-454F-BE6A-ECB610B686E5}.Release|ARM.Deploy.0 = Release|ARM
		{C3BA6D64-60E0-454F-BE6A-ECB610B686E5}.Release|iPhone.ActiveCfg = Release|x86
		{C3BA6D64-60E0-454F-BE6A-ECB610B686E5}.Release|iPhoneSimulator.ActiveCfg = Release|x86
		{C3BA6D64-60E0-454F-BE6A-ECB610B686E5}.Release|x64.ActiveCfg = Release|x64
		{C3BA6D64-60E0-454F-BE6A-ECB610B686E5}.Release|x64.Build.0 = Release|x64
		{C3BA6D64-60E0-454F-BE6A-ECB610B686E5}.Release|x64.Deploy.0 = Release|x64
		{C3BA6D64-60E0-454F-BE6A-ECB610B686E5}.Release|x86.ActiveCfg = Release|x86
		{C3BA6D64-60E0-454F-BE6A-ECB610B686E5}.Release|x86.Build.0 = Release|x86
		{C3BA6D64-60E0-454F-BE6A-ECB610B686E5}.Release|x86.Deploy.0 = Release|x86
	EndGlobalSection
	GlobalSection(SolutionProperties) = preSolution
		HideSolutionNode = FALSE
	EndGlobalSection
	GlobalSection(NestedProjects) = preSolution
		{65C2B7B3-A7CA-4581-9C08-D05F5DE61E13} = {74A0515C-14B2-40C5-B0EB-89F775FA1608}
		{9045C574-DC98-421F-B08D-8F473CC3DE03} = {74A0515C-14B2-40C5-B0EB-89F775FA1608}
		{DFAF4B6B-E6A4-4D90-8228-1A206D6E6B91} = {74A0515C-14B2-40C5-B0EB-89F775FA1608}
		{C3BA6D64-60E0-454F-BE6A-ECB610B686E5} = {74A0515C-14B2-40C5-B0EB-89F775FA1608}
	EndGlobalSection
	GlobalSection(ExtensibilityGlobals) = postSolution
		SolutionGuid = {E9F5DCAF-E253-4C73-B266-9AC10B4D84CD}
	EndGlobalSection
EndGlobal
